
Microsoft Visual Studio Solution File, Format Version 12.00
# Visual Studio Version 17
VisualStudioVersion = 17.8.34525.116
MinimumVisualStudioVersion = 10.0.40219.1
Project("{8BC9CEB8-8B4A-11D0-8D11-00A0C91BC942}") = "Exam Preparation", "Exam Preparation.vcxproj", "{0B3BA538-CB9F-4F70-864F-26BCB48EE9EB}"
EndProject
Project("{8BC9CEB8-8B4A-11D0-8D11-00A0C91BC942}") = "01 Letters", "..\01 Letters\01 Letters.vcxproj", "{D9F8957B-F3D0-4D00-81E0-E942855C2883}"
EndProject
Project("{8BC9CEB8-8B4A-11D0-8D11-00A0C91BC942}") = "02 Rust", "..\02 Rust\02 Rust.vcxproj", "{F2B07641-821A-49A2-B93F-901B733851AB}"
EndProject
Project("{8BC9CEB8-8B4A-11D0-8D11-00A0C91BC942}") = "03 Matching Locations", "..\03 Matching Locations\03 Matching Locations.vcxproj", "{C4758EF2-F5AD-46CF-9A16-5CA0ED33570F}"
EndProject
Project("{8BC9CEB8-8B4A-11D0-8D11-00A0C91BC942}") = "02 Rust_02", "..\02 Rust_02\02 Rust_02.vcxproj", "{6441FBFE-125B-47F1-BCCA-12FE4082A1D8}"
EndProject
Project("{8BC9CEB8-8B4A-11D0-8D11-00A0C91BC942}") = "02 Rust_03", "..\02 Rust_03\02 Rust_03.vcxproj", "{CB83EC58-43B1-4DDD-ACB3-220AB3A651C6}"
EndProject
Global
	GlobalSection(SolutionConfigurationPlatforms) = preSolution
		Debug|x64 = Debug|x64
		Debug|x86 = Debug|x86
		Release|x64 = Release|x64
		Release|x86 = Release|x86
	EndGlobalSection
	GlobalSection(ProjectConfigurationPlatforms) = postSolution
		{0B3BA538-CB9F-4F70-864F-26BCB48EE9EB}.Debug|x64.ActiveCfg = Debug|x64
		{0B3BA538-CB9F-4F70-864F-26BCB48EE9EB}.Debug|x64.Build.0 = Debug|x64
		{0B3BA538-CB9F-4F70-864F-26BCB48EE9EB}.Debug|x86.ActiveCfg = Debug|Win32
		{0B3BA538-CB9F-4F70-864F-26BCB48EE9EB}.Debug|x86.Build.0 = Debug|Win32
		{0B3BA538-CB9F-4F70-864F-26BCB48EE9EB}.Release|x64.ActiveCfg = Release|x64
		{0B3BA538-CB9F-4F70-864F-26BCB48EE9EB}.Release|x64.Build.0 = Release|x64
		{0B3BA538-CB9F-4F70-864F-26BCB48EE9EB}.Release|x86.ActiveCfg = Release|Win32
		{0B3BA538-CB9F-4F70-864F-26BCB48EE9EB}.Release|x86.Build.0 = Release|Win32
		{D9F8957B-F3D0-4D00-81E0-E942855C2883}.Debug|x64.ActiveCfg = Debug|x64
		{D9F8957B-F3D0-4D00-81E0-E942855C2883}.Debug|x64.Build.0 = Debug|x64
		{D9F8957B-F3D0-4D00-81E0-E942855C2883}.Debug|x86.ActiveCfg = Debug|Win32
		{D9F8957B-F3D0-4D00-81E0-E942855C2883}.Debug|x86.Build.0 = Debug|Win32
		{D9F8957B-F3D0-4D00-81E0-E942855C2883}.Release|x64.ActiveCfg = Release|x64
		{D9F8957B-F3D0-4D00-81E0-E942855C2883}.Release|x64.Build.0 = Release|x64
		{D9F8957B-F3D0-4D00-81E0-E942855C2883}.Release|x86.ActiveCfg = Release|Win32
		{D9F8957B-F3D0-4D00-81E0-E942855C2883}.Release|x86.Build.0 = Release|Win32
		{F2B07641-821A-49A2-B93F-901B733851AB}.Debug|x64.ActiveCfg = Debug|x64
		{F2B07641-821A-49A2-B93F-901B733851AB}.Debug|x64.Build.0 = Debug|x64
		{F2B07641-821A-49A2-B93F-901B733851AB}.Debug|x86.ActiveCfg = Debug|Win32
		{F2B07641-821A-49A2-B93F-901B733851AB}.Debug|x86.Build.0 = Debug|Win32
		{F2B07641-821A-49A2-B93F-901B733851AB}.Release|x64.ActiveCfg = Release|x64
		{F2B07641-821A-49A2-B93F-901B733851AB}.Release|x64.Build.0 = Release|x64
		{F2B07641-821A-49A2-B93F-901B733851AB}.Release|x86.ActiveCfg = Release|Win32
		{F2B07641-821A-49A2-B93F-901B733851AB}.Release|x86.Build.0 = Release|Win32
		{C4758EF2-F5AD-46CF-9A16-5CA0ED33570F}.Debug|x64.ActiveCfg = Debug|x64
		{C4758EF2-F5AD-46CF-9A16-5CA0ED33570F}.Debug|x64.Build.0 = Debug|x64
		{C4758EF2-F5AD-46CF-9A16-5CA0ED33570F}.Debug|x86.ActiveCfg = Debug|Win32
		{C4758EF2-F5AD-46CF-9A16-5CA0ED33570F}.Debug|x86.Build.0 = Debug|Win32
		{C4758EF2-F5AD-46CF-9A16-5CA0ED33570F}.Release|x64.ActiveCfg = Release|x64
		{C4758EF2-F5AD-46CF-9A16-5CA0ED33570F}.Release|x64.Build.0 = Release|x64
		{C4758EF2-F5AD-46CF-9A16-5CA0ED33570F}.Release|x86.ActiveCfg = Release|Win32
		{C4758EF2-F5AD-46CF-9A16-5CA0ED33570F}.Release|x86.Build.0 = Release|Win32
		{6441FBFE-125B-47F1-BCCA-12FE4082A1D8}.Debug|x64.ActiveCfg = Debug|x64
		{6441FBFE-125B-47F1-BCCA-12FE4082A1D8}.Debug|x64.Build.0 = Debug|x64
		{6441FBFE-125B-47F1-BCCA-12FE4082A1D8}.Debug|x86.ActiveCfg = Debug|Win32
		{6441FBFE-125B-47F1-BCCA-12FE4082A1D8}.Debug|x86.Build.0 = Debug|Win32
		{6441FBFE-125B-47F1-BCCA-12FE4082A1D8}.Release|x64.ActiveCfg = Release|x64
		{6441FBFE-125B-47F1-BCCA-12FE4082A1D8}.Release|x64.Build.0 = Release|x64
		{6441FBFE-125B-47F1-BCCA-12FE4082A1D8}.Release|x86.ActiveCfg = Release|Win32
		{6441FBFE-125B-47F1-BCCA-12FE4082A1D8}.Release|x86.Build.0 = Release|Win32
		{CB83EC58-43B1-4DDD-ACB3-220AB3A651C6}.Debug|x64.ActiveCfg = Debug|x64
		{CB83EC58-43B1-4DDD-ACB3-220AB3A651C6}.Debug|x64.Build.0 = Debug|x64
		{CB83EC58-43B1-4DDD-ACB3-220AB3A651C6}.Debug|x86.ActiveCfg = Debug|Win32
		{CB83EC58-43B1-4DDD-ACB3-220AB3A651C6}.Debug|x86.Build.0 = Debug|Win32
		{CB83EC58-43B1-4DDD-ACB3-220AB3A651C6}.Release|x64.ActiveCfg = Release|x64
		{CB83EC58-43B1-4DDD-ACB3-220AB3A651C6}.Release|x64.Build.0 = Release|x64
		{CB83EC58-43B1-4DDD-ACB3-220AB3A651C6}.Release|x86.ActiveCfg = Release|Win32
		{CB83EC58-43B1-4DDD-ACB3-220AB3A651C6}.Release|x86.Build.0 = Release|Win32
	EndGlobalSection
	GlobalSection(SolutionProperties) = preSolution
		HideSolutionNode = FALSE
	EndGlobalSection
	GlobalSection(ExtensibilityGlobals) = postSolution
		SolutionGuid = {AB039770-3E9F-473B-AC7D-CAE9ACC3016A}
	EndGlobalSection
EndGlobal
